
Microsoft Visual Studio Solution File, Format Version 12.00
# Visual Studio Version 17
VisualStudioVersion = 17.0.32014.148
MinimumVisualStudioVersion = 10.0.40219.1
Project("{2150E333-8FDC-42A3-9474-1A3956D46DE8}") = "root", "root", "{D189D110-E9E6-4985-A0C4-22221AA4F118}"
	ProjectSection(SolutionItems) = preProject
		credits.txt = credits.txt
		main.bat = main.bat
	EndProjectSection
EndProject
Project("{2150E333-8FDC-42A3-9474-1A3956D46DE8}") = "tools", "tools", "{744CC7E2-DF5C-42B6-BF59-A933E3FA4DB1}"
	ProjectSection(SolutionItems) = preProject
		tools\src\keepalive.cs = tools\src\keepalive.cs
	EndProjectSection
EndProject
Project("{FAE04EC0-301F-11D3-BF4B-00C04F79EFBC}") = "MiniSCT", "tools\src\MiniSCT\MiniSCT.csproj", "{F32C2058-5612-43C2-900C-2C133076640F}"
EndProject
Project("{FAE04EC0-301F-11D3-BF4B-00C04F79EFBC}") = "NtApiDotNet", "tools\src\MiniSCT\NtApiDotNet\NtApiDotNet.csproj", "{6AEB5004-6093-4C23-AEAE-911D64CACC58}"
EndProject
Global
	GlobalSection(SolutionConfigurationPlatforms) = preSolution
		Debug|Any CPU = Debug|Any CPU
		Release|Any CPU = Release|Any CPU
	EndGlobalSection
	GlobalSection(ProjectConfigurationPlatforms) = postSolution
		{F32C2058-5612-43C2-900C-2C133076640F}.Debug|Any CPU.ActiveCfg = Debug|Any CPU
		{F32C2058-5612-43C2-900C-2C133076640F}.Debug|Any CPU.Build.0 = Debug|Any CPU
		{F32C2058-5612-43C2-900C-2C133076640F}.Release|Any CPU.ActiveCfg = Release|Any CPU
		{F32C2058-5612-43C2-900C-2C133076640F}.Release|Any CPU.Build.0 = Release|Any CPU
		{6AEB5004-6093-4C23-AEAE-911D64CACC58}.Debug|Any CPU.ActiveCfg = Debug|Any CPU
		{6AEB5004-6093-4C23-AEAE-911D64CACC58}.Debug|Any CPU.Build.0 = Debug|Any CPU
		{6AEB5004-6093-4C23-AEAE-911D64CACC58}.Release|Any CPU.ActiveCfg = Release|Any CPU
		{6AEB5004-6093-4C23-AEAE-911D64CACC58}.Release|Any CPU.Build.0 = Release|Any CPU
	EndGlobalSection
	GlobalSection(SolutionProperties) = preSolution
		HideSolutionNode = FALSE
	EndGlobalSection
	GlobalSection(NestedProjects) = preSolution
		{F32C2058-5612-43C2-900C-2C133076640F} = {744CC7E2-DF5C-42B6-BF59-A933E3FA4DB1}
		{6AEB5004-6093-4C23-AEAE-911D64CACC58} = {744CC7E2-DF5C-42B6-BF59-A933E3FA4DB1}
	EndGlobalSection
	GlobalSection(ExtensibilityGlobals) = postSolution
		SolutionGuid = {DFA763A3-5A27-4653-8E8F-F9F7F8C3B506}
	EndGlobalSection
EndGlobal
